// !$*UTF8*$!
{
	archiveVersion = 1;
	classes = {
	};
	objectVersion = 46;
	objects = {

/* Begin PBXBuildFile section */
		6037A44C1E766D9B0052804F /* main.m in Sources */ = {isa = PBXBuildFile; fileRef = 6037A44B1E766D9B0052804F /* main.m */; };
		6037A44F1E766D9B0052804F /* AppDelegate.m in Sources */ = {isa = PBXBuildFile; fileRef = 6037A44E1E766D9B0052804F /* AppDelegate.m */; };
		6037A4521E766D9B0052804F /* ViewController.m in Sources */ = {isa = PBXBuildFile; fileRef = 6037A4511E766D9B0052804F /* ViewController.m */; };
		6037A4551E766D9B0052804F /* Main.storyboard in Resources */ = {isa = PBXBuildFile; fileRef = 6037A4531E766D9B0052804F /* Main.storyboard */; };
		6037A4571E766D9B0052804F /* Assets.xcassets in Resources */ = {isa = PBXBuildFile; fileRef = 6037A4561E766D9B0052804F /* Assets.xcassets */; };
		6037A45A1E766D9B0052804F /* LaunchScreen.storyboard in Resources */ = {isa = PBXBuildFile; fileRef = 6037A4581E766D9B0052804F /* LaunchScreen.storyboard */; };
		6037A4651E7670780052804F /* NSString+ChEx.m in Sources */ = {isa = PBXBuildFile; fileRef = 6037A4641E7670780052804F /* NSString+ChEx.m */; };
		6037A4CE1E7685090052804F /* 开发文档 in Resources */ = {isa = PBXBuildFile; fileRef = 6037A4CD1E7685090052804F /* 开发文档 */; };
		6037A4D31E768B6D0052804F /* CHUserInfo.m in Sources */ = {isa = PBXBuildFile; fileRef = 6037A4D21E768B6D0052804F /* CHUserInfo.m */; };
		6037A4D71E768EA80052804F /* CHBaseModel.m in Sources */ = {isa = PBXBuildFile; fileRef = 6037A4D61E768EA80052804F /* CHBaseModel.m */; };
		6037A4E81E76A78A0052804F /* CHBusinessCloudManager.m in Sources */ = {isa = PBXBuildFile; fileRef = 6037A4DE1E76A78A0052804F /* CHBusinessCloudManager.m */; };
		6037A4E91E76A78A0052804F /* CHDeviceCloudManager.m in Sources */ = {isa = PBXBuildFile; fileRef = 6037A4E11E76A78A0052804F /* CHDeviceCloudManager.m */; };
		6037A4EA1E76A78A0052804F /* CHNetworkEngine.m in Sources */ = {isa = PBXBuildFile; fileRef = 6037A4E41E76A78A0052804F /* CHNetworkEngine.m */; };
		6037A4EB1E76A78A0052804F /* CHUserCloudManager.m in Sources */ = {isa = PBXBuildFile; fileRef = 6037A4E71E76A78A0052804F /* CHUserCloudManager.m */; };
		6037A4EF1E76A7B40052804F /* CHLoginViewController.m in Sources */ = {isa = PBXBuildFile; fileRef = 6037A4ED1E76A7B40052804F /* CHLoginViewController.m */; };
		6037A4F01E76A7B40052804F /* CHLoginViewController.xib in Resources */ = {isa = PBXBuildFile; fileRef = 6037A4EE1E76A7B40052804F /* CHLoginViewController.xib */; };
		FB90478D626FEB2A03E3076C /* libPods-CH_IPP_SH_SDK.a in Frameworks */ = {isa = PBXBuildFile; fileRef = D88A51B20918C8030D44A6C8 /* libPods-CH_IPP_SH_SDK.a */; };
/* End PBXBuildFile section */

/* Begin PBXFileReference section */
		3BC005B639832135973F9EE6 /* Pods-CH_IPP_SH_SDK.release.xcconfig */ = {isa = PBXFileReference; includeInIndex = 1; lastKnownFileType = text.xcconfig; name = "Pods-CH_IPP_SH_SDK.release.xcconfig"; path = "Pods/Target Support Files/Pods-CH_IPP_SH_SDK/Pods-CH_IPP_SH_SDK.release.xcconfig"; sourceTree = "<group>"; };
		6037A4471E766D9B0052804F /* CH_IPP_SH_SDK.app */ = {isa = PBXFileReference; explicitFileType = wrapper.application; includeInIndex = 0; path = CH_IPP_SH_SDK.app; sourceTree = BUILT_PRODUCTS_DIR; };
		6037A44B1E766D9B0052804F /* main.m */ = {isa = PBXFileReference; lastKnownFileType = sourcecode.c.objc; path = main.m; sourceTree = "<group>"; };
		6037A44D1E766D9B0052804F /* AppDelegate.h */ = {isa = PBXFileReference; lastKnownFileType = sourcecode.c.h; path = AppDelegate.h; sourceTree = "<group>"; };
		6037A44E1E766D9B0052804F /* AppDelegate.m */ = {isa = PBXFileReference; lastKnownFileType = sourcecode.c.objc; path = AppDelegate.m; sourceTree = "<group>"; };
		6037A4501E766D9B0052804F /* ViewController.h */ = {isa = PBXFileReference; lastKnownFileType = sourcecode.c.h; path = ViewController.h; sourceTree = "<group>"; };
		6037A4511E766D9B0052804F /* ViewController.m */ = {isa = PBXFileReference; lastKnownFileType = sourcecode.c.objc; path = ViewController.m; sourceTree = "<group>"; };
		6037A4541E766D9B0052804F /* Base */ = {isa = PBXFileReference; lastKnownFileType = file.storyboard; name = Base; path = Base.lproj/Main.storyboard; sourceTree = "<group>"; };
		6037A4561E766D9B0052804F /* Assets.xcassets */ = {isa = PBXFileReference; lastKnownFileType = folder.assetcatalog; path = Assets.xcassets; sourceTree = "<group>"; };
		6037A4591E766D9B0052804F /* Base */ = {isa = PBXFileReference; lastKnownFileType = file.storyboard; name = Base; path = Base.lproj/LaunchScreen.storyboard; sourceTree = "<group>"; };
		6037A45B1E766D9B0052804F /* Info.plist */ = {isa = PBXFileReference; lastKnownFileType = text.plist.xml; path = Info.plist; sourceTree = "<group>"; };
		6037A4611E766FD90052804F /* CHIPP_SH_SDK.pch */ = {isa = PBXFileReference; lastKnownFileType = sourcecode.c.h; path = CHIPP_SH_SDK.pch; sourceTree = "<group>"; };
		6037A4631E7670780052804F /* NSString+ChEx.h */ = {isa = PBXFileReference; fileEncoding = 4; lastKnownFileType = sourcecode.c.h; path = "NSString+ChEx.h"; sourceTree = "<group>"; };
		6037A4641E7670780052804F /* NSString+ChEx.m */ = {isa = PBXFileReference; fileEncoding = 4; lastKnownFileType = sourcecode.c.objc; path = "NSString+ChEx.m"; sourceTree = "<group>"; };
		6037A4CD1E7685090052804F /* 开发文档 */ = {isa = PBXFileReference; fileEncoding = 4; lastKnownFileType = text; path = "开发文档"; sourceTree = "<group>"; };
		6037A4D11E768B6D0052804F /* CHUserInfo.h */ = {isa = PBXFileReference; fileEncoding = 4; lastKnownFileType = sourcecode.c.h; path = CHUserInfo.h; sourceTree = "<group>"; };
		6037A4D21E768B6D0052804F /* CHUserInfo.m */ = {isa = PBXFileReference; fileEncoding = 4; lastKnownFileType = sourcecode.c.objc; path = CHUserInfo.m; sourceTree = "<group>"; };
		6037A4D51E768EA80052804F /* CHBaseModel.h */ = {isa = PBXFileReference; fileEncoding = 4; lastKnownFileType = sourcecode.c.h; path = CHBaseModel.h; sourceTree = "<group>"; };
		6037A4D61E768EA80052804F /* CHBaseModel.m */ = {isa = PBXFileReference; fileEncoding = 4; lastKnownFileType = sourcecode.c.objc; path = CHBaseModel.m; sourceTree = "<group>"; };
		6037A4D81E769FDE0052804F /* CHConst.h */ = {isa = PBXFileReference; lastKnownFileType = sourcecode.c.h; path = CHConst.h; sourceTree = "<group>"; };
		6037A4DD1E76A78A0052804F /* CHBusinessCloudManager.h */ = {isa = PBXFileReference; fileEncoding = 4; lastKnownFileType = sourcecode.c.h; path = CHBusinessCloudManager.h; sourceTree = "<group>"; };
		6037A4DE1E76A78A0052804F /* CHBusinessCloudManager.m */ = {isa = PBXFileReference; fileEncoding = 4; lastKnownFileType = sourcecode.c.objc; path = CHBusinessCloudManager.m; sourceTree = "<group>"; };
		6037A4E01E76A78A0052804F /* CHDeviceCloudManager.h */ = {isa = PBXFileReference; fileEncoding = 4; lastKnownFileType = sourcecode.c.h; path = CHDeviceCloudManager.h; sourceTree = "<group>"; };
		6037A4E11E76A78A0052804F /* CHDeviceCloudManager.m */ = {isa = PBXFileReference; fileEncoding = 4; lastKnownFileType = sourcecode.c.objc; path = CHDeviceCloudManager.m; sourceTree = "<group>"; };
		6037A4E31E76A78A0052804F /* CHNetworkEngine.h */ = {isa = PBXFileReference; fileEncoding = 4; lastKnownFileType = sourcecode.c.h; path = CHNetworkEngine.h; sourceTree = "<group>"; };
		6037A4E41E76A78A0052804F /* CHNetworkEngine.m */ = {isa = PBXFileReference; fileEncoding = 4; lastKnownFileType = sourcecode.c.objc; path = CHNetworkEngine.m; sourceTree = "<group>"; };
		6037A4E61E76A78A0052804F /* CHUserCloudManager.h */ = {isa = PBXFileReference; fileEncoding = 4; lastKnownFileType = sourcecode.c.h; path = CHUserCloudManager.h; sourceTree = "<group>"; };
		6037A4E71E76A78A0052804F /* CHUserCloudManager.m */ = {isa = PBXFileReference; fileEncoding = 4; lastKnownFileType = sourcecode.c.objc; path = CHUserCloudManager.m; sourceTree = "<group>"; };
		6037A4EC1E76A7B40052804F /* CHLoginViewController.h */ = {isa = PBXFileReference; fileEncoding = 4; lastKnownFileType = sourcecode.c.h; path = CHLoginViewController.h; sourceTree = "<group>"; };
		6037A4ED1E76A7B40052804F /* CHLoginViewController.m */ = {isa = PBXFileReference; fileEncoding = 4; lastKnownFileType = sourcecode.c.objc; path = CHLoginViewController.m; sourceTree = "<group>"; };
		6037A4EE1E76A7B40052804F /* CHLoginViewController.xib */ = {isa = PBXFileReference; fileEncoding = 4; lastKnownFileType = file.xib; path = CHLoginViewController.xib; sourceTree = "<group>"; };
		D88A51B20918C8030D44A6C8 /* libPods-CH_IPP_SH_SDK.a */ = {isa = PBXFileReference; explicitFileType = archive.ar; includeInIndex = 0; path = "libPods-CH_IPP_SH_SDK.a"; sourceTree = BUILT_PRODUCTS_DIR; };
		F248D0C45552DB9CC90D6E47 /* Pods-CH_IPP_SH_SDK.debug.xcconfig */ = {isa = PBXFileReference; includeInIndex = 1; lastKnownFileType = text.xcconfig; name = "Pods-CH_IPP_SH_SDK.debug.xcconfig"; path = "Pods/Target Support Files/Pods-CH_IPP_SH_SDK/Pods-CH_IPP_SH_SDK.debug.xcconfig"; sourceTree = "<group>"; };
/* End PBXFileReference section */

/* Begin PBXFrameworksBuildPhase section */
		6037A4441E766D9B0052804F /* Frameworks */ = {
			isa = PBXFrameworksBuildPhase;
			buildActionMask = 2147483647;
			files = (
				FB90478D626FEB2A03E3076C /* libPods-CH_IPP_SH_SDK.a in Frameworks */,
			);
			runOnlyForDeploymentPostprocessing = 0;
		};
/* End PBXFrameworksBuildPhase section */

/* Begin PBXGroup section */
		6037A43E1E766D9B0052804F = {
			isa = PBXGroup;
			children = (
				6037A4491E766D9B0052804F /* CH_IPP_SH_SDK */,
				6037A4481E766D9B0052804F /* Products */,
				69395AA79B5C9DA0C6D046DA /* Pods */,
				B0857DA41B3334FFFAE18357 /* Frameworks */,
			);
			sourceTree = "<group>";
		};
		6037A4481E766D9B0052804F /* Products */ = {
			isa = PBXGroup;
			children = (
				6037A4471E766D9B0052804F /* CH_IPP_SH_SDK.app */,
			);
			name = Products;
			sourceTree = "<group>";
		};
		6037A4491E766D9B0052804F /* CH_IPP_SH_SDK */ = {
			isa = PBXGroup;
			children = (
				6037A4DA1E76A78A0052804F /* Interface */,
				6037A4D91E76A7480052804F /* UserCenter */,
				6037A4CF1E768B5C0052804F /* Model */,
				6037A4621E7670780052804F /* Category */,
				6037A44D1E766D9B0052804F /* AppDelegate.h */,
				6037A44E1E766D9B0052804F /* AppDelegate.m */,
				6037A4501E766D9B0052804F /* ViewController.h */,
				6037A4511E766D9B0052804F /* ViewController.m */,
				6037A4531E766D9B0052804F /* Main.storyboard */,
				6037A4561E766D9B0052804F /* Assets.xcassets */,
				6037A4581E766D9B0052804F /* LaunchScreen.storyboard */,
				6037A45B1E766D9B0052804F /* Info.plist */,
				6037A44A1E766D9B0052804F /* Supporting Files */,
				6037A4CD1E7685090052804F /* 开发文档 */,
			);
			path = CH_IPP_SH_SDK;
			sourceTree = "<group>";
		};
		6037A44A1E766D9B0052804F /* Supporting Files */ = {
			isa = PBXGroup;
			children = (
				6037A44B1E766D9B0052804F /* main.m */,
				6037A4611E766FD90052804F /* CHIPP_SH_SDK.pch */,
				6037A4D81E769FDE0052804F /* CHConst.h */,
			);
			name = "Supporting Files";
			sourceTree = "<group>";
		};
		6037A4621E7670780052804F /* Category */ = {
			isa = PBXGroup;
			children = (
				6037A4631E7670780052804F /* NSString+ChEx.h */,
				6037A4641E7670780052804F /* NSString+ChEx.m */,
			);
			path = Category;
			sourceTree = "<group>";
		};
		6037A4CF1E768B5C0052804F /* Model */ = {
			isa = PBXGroup;
			children = (
				6037A4D41E768B9B0052804F /* Base */,
				6037A4D01E768B5C0052804F /* User */,
			);
			path = Model;
			sourceTree = "<group>";
		};
		6037A4D01E768B5C0052804F /* User */ = {
			isa = PBXGroup;
			children = (
				6037A4D11E768B6D0052804F /* CHUserInfo.h */,
				6037A4D21E768B6D0052804F /* CHUserInfo.m */,
			);
			path = User;
			sourceTree = "<group>";
		};
		6037A4D41E768B9B0052804F /* Base */ = {
			isa = PBXGroup;
			children = (
				6037A4D51E768EA80052804F /* CHBaseModel.h */,
				6037A4D61E768EA80052804F /* CHBaseModel.m */,
			);
			path = Base;
			sourceTree = "<group>";
		};
		6037A4D91E76A7480052804F /* UserCenter */ = {
			isa = PBXGroup;
			children = (
				6037A4EC1E76A7B40052804F /* CHLoginViewController.h */,
				6037A4ED1E76A7B40052804F /* CHLoginViewController.m */,
				6037A4EE1E76A7B40052804F /* CHLoginViewController.xib */,
			);
			path = UserCenter;
			sourceTree = "<group>";
		};
		6037A4DA1E76A78A0052804F /* Interface */ = {
			isa = PBXGroup;
			children = (
				6037A4DB1E76A78A0052804F /* IPPInterface */,
				6037A4E51E76A78A0052804F /* UserCenterInterface */,
			);
			path = Interface;
			sourceTree = "<group>";
		};
		6037A4DB1E76A78A0052804F /* IPPInterface */ = {
			isa = PBXGroup;
			children = (
				6037A4DC1E76A78A0052804F /* BusinessCloud */,
				6037A4DF1E76A78A0052804F /* DeviceCloud */,
				6037A4E21E76A78A0052804F /* NetworkEngine */,
			);
			path = IPPInterface;
			sourceTree = "<group>";
		};
		6037A4DC1E76A78A0052804F /* BusinessCloud */ = {
			isa = PBXGroup;
			children = (
				6037A4DD1E76A78A0052804F /* CHBusinessCloudManager.h */,
				6037A4DE1E76A78A0052804F /* CHBusinessCloudManager.m */,
			);
			path = BusinessCloud;
			sourceTree = "<group>";
		};
		6037A4DF1E76A78A0052804F /* DeviceCloud */ = {
			isa = PBXGroup;
			children = (
				6037A4E01E76A78A0052804F /* CHDeviceCloudManager.h */,
				6037A4E11E76A78A0052804F /* CHDeviceCloudManager.m */,
			);
			path = DeviceCloud;
			sourceTree = "<group>";
		};
		6037A4E21E76A78A0052804F /* NetworkEngine */ = {
			isa = PBXGroup;
			children = (
				6037A4E31E76A78A0052804F /* CHNetworkEngine.h */,
				6037A4E41E76A78A0052804F /* CHNetworkEngine.m */,
			);
			path = NetworkEngine;
			sourceTree = "<group>";
		};
		6037A4E51E76A78A0052804F /* UserCenterInterface */ = {
			isa = PBXGroup;
			children = (
				6037A4E61E76A78A0052804F /* CHUserCloudManager.h */,
				6037A4E71E76A78A0052804F /* CHUserCloudManager.m */,
			);
			path = UserCenterInterface;
			sourceTree = "<group>";
		};
		69395AA79B5C9DA0C6D046DA /* Pods */ = {
			isa = PBXGroup;
			children = (
				F248D0C45552DB9CC90D6E47 /* Pods-CH_IPP_SH_SDK.debug.xcconfig */,
				3BC005B639832135973F9EE6 /* Pods-CH_IPP_SH_SDK.release.xcconfig */,
			);
			name = Pods;
			sourceTree = "<group>";
		};
		B0857DA41B3334FFFAE18357 /* Frameworks */ = {
			isa = PBXGroup;
			children = (
				D88A51B20918C8030D44A6C8 /* libPods-CH_IPP_SH_SDK.a */,
			);
			name = Frameworks;
			sourceTree = "<group>";
		};
/* End PBXGroup section */

/* Begin PBXNativeTarget section */
		6037A4461E766D9B0052804F /* CH_IPP_SH_SDK */ = {
			isa = PBXNativeTarget;
			buildConfigurationList = 6037A45E1E766D9B0052804F /* Build configuration list for PBXNativeTarget "CH_IPP_SH_SDK" */;
			buildPhases = (
				9EE810ED26CE1425D53DB375 /* [CP] Check Pods Manifest.lock */,
				6037A4431E766D9B0052804F /* Sources */,
				6037A4441E766D9B0052804F /* Frameworks */,
				6037A4451E766D9B0052804F /* Resources */,
				FC9356FEF4E1DEE54FDC732D /* [CP] Embed Pods Frameworks */,
				325175F273670A26A0FCA12D /* [CP] Copy Pods Resources */,
			);
			buildRules = (
			);
			dependencies = (
			);
			name = CH_IPP_SH_SDK;
			productName = CH_IPP_SH_SDK;
			productReference = 6037A4471E766D9B0052804F /* CH_IPP_SH_SDK.app */;
			productType = "com.apple.product-type.application";
		};
/* End PBXNativeTarget section */

/* Begin PBXProject section */
		6037A43F1E766D9B0052804F /* Project object */ = {
			isa = PBXProject;
			attributes = {
				LastUpgradeCheck = 0730;
				ORGANIZATIONNAME = Wu;
				TargetAttributes = {
					6037A4461E766D9B0052804F = {
						CreatedOnToolsVersion = 7.3;
					};
				};
			};
			buildConfigurationList = 6037A4421E766D9B0052804F /* Build configuration list for PBXProject "CH_IPP_SH_SDK" */;
			compatibilityVersion = "Xcode 3.2";
			developmentRegion = English;
			hasScannedForEncodings = 0;
			knownRegions = (
				en,
				Base,
			);
			mainGroup = 6037A43E1E766D9B0052804F;
			productRefGroup = 6037A4481E766D9B0052804F /* Products */;
			projectDirPath = "";
			projectRoot = "";
			targets = (
				6037A4461E766D9B0052804F /* CH_IPP_SH_SDK */,
			);
		};
/* End PBXProject section */

/* Begin PBXResourcesBuildPhase section */
		6037A4451E766D9B0052804F /* Resources */ = {
			isa = PBXResourcesBuildPhase;
			buildActionMask = 2147483647;
			files = (
				6037A4F01E76A7B40052804F /* CHLoginViewController.xib in Resources */,
				6037A45A1E766D9B0052804F /* LaunchScreen.storyboard in Resources */,
				6037A4571E766D9B0052804F /* Assets.xcassets in Resources */,
				6037A4551E766D9B0052804F /* Main.storyboard in Resources */,
				6037A4CE1E7685090052804F /* 开发文档 in Resources */,
			);
			runOnlyForDeploymentPostprocessing = 0;
		};
/* End PBXResourcesBuildPhase section */

/* Begin PBXShellScriptBuildPhase section */
		325175F273670A26A0FCA12D /* [CP] Copy Pods Resources */ = {
			isa = PBXShellScriptBuildPhase;
			buildActionMask = 2147483647;
			files = (
			);
			inputPaths = (
			);
			name = "[CP] Copy Pods Resources";
			outputPaths = (
			);
			runOnlyForDeploymentPostprocessing = 0;
			shellPath = /bin/sh;
			shellScript = "\"${SRCROOT}/Pods/Target Support Files/Pods-CH_IPP_SH_SDK/Pods-CH_IPP_SH_SDK-resources.sh\"\n";
			showEnvVarsInLog = 0;
		};
		9EE810ED26CE1425D53DB375 /* [CP] Check Pods Manifest.lock */ = {
			isa = PBXShellScriptBuildPhase;
			buildActionMask = 2147483647;
			files = (
			);
			inputPaths = (
			);
			name = "[CP] Check Pods Manifest.lock";
			outputPaths = (
			);
			runOnlyForDeploymentPostprocessing = 0;
			shellPath = /bin/sh;
			shellScript = "diff \"${PODS_ROOT}/../Podfile.lock\" \"${PODS_ROOT}/Manifest.lock\" > /dev/null\nif [[ $? != 0 ]] ; then\n    cat << EOM\nerror: The sandbox is not in sync with the Podfile.lock. Run 'pod install' or update your CocoaPods installation.\nEOM\n    exit 1\nfi\n";
			showEnvVarsInLog = 0;
		};
		FC9356FEF4E1DEE54FDC732D /* [CP] Embed Pods Frameworks */ = {
			isa = PBXShellScriptBuildPhase;
			buildActionMask = 2147483647;
			files = (
			);
			inputPaths = (
			);
			name = "[CP] Embed Pods Frameworks";
			outputPaths = (
			);
			runOnlyForDeploymentPostprocessing = 0;
			shellPath = /bin/sh;
			shellScript = "\"${SRCROOT}/Pods/Target Support Files/Pods-CH_IPP_SH_SDK/Pods-CH_IPP_SH_SDK-frameworks.sh\"\n";
			showEnvVarsInLog = 0;
		};
/* End PBXShellScriptBuildPhase section */

/* Begin PBXSourcesBuildPhase section */
		6037A4431E766D9B0052804F /* Sources */ = {
			isa = PBXSourcesBuildPhase;
			buildActionMask = 2147483647;
			files = (
				6037A4D31E768B6D0052804F /* CHUserInfo.m in Sources */,
				6037A4521E766D9B0052804F /* ViewController.m in Sources */,
				6037A4E81E76A78A0052804F /* CHBusinessCloudManager.m in Sources */,
				6037A4EF1E76A7B40052804F /* CHLoginViewController.m in Sources */,
				6037A4EA1E76A78A0052804F /* CHNetworkEngine.m in Sources */,
				6037A4651E7670780052804F /* NSString+ChEx.m in Sources */,
				6037A44F1E766D9B0052804F /* AppDelegate.m in Sources */,
				6037A4D71E768EA80052804F /* CHBaseModel.m in Sources */,
				6037A4E91E76A78A0052804F /* CHDeviceCloudManager.m in Sources */,
				6037A44C1E766D9B0052804F /* main.m in Sources */,
				6037A4EB1E76A78A0052804F /* CHUserCloudManager.m in Sources */,
			);
			runOnlyForDeploymentPostprocessing = 0;
		};
/* End PBXSourcesBuildPhase section */

/* Begin PBXVariantGroup section */
		6037A4531E766D9B0052804F /* Main.storyboard */ = {
			isa = PBXVariantGroup;
			children = (
				6037A4541E766D9B0052804F /* Base */,
			);
			name = Main.storyboard;
			sourceTree = "<group>";
		};
		6037A4581E766D9B0052804F /* LaunchScreen.storyboard */ = {
			isa = PBXVariantGroup;
			children = (
				6037A4591E766D9B0052804F /* Base */,
			);
			name = LaunchScreen.storyboard;
			sourceTree = "<group>";
		};
/* End PBXVariantGroup section */

/* Begin XCBuildConfiguration section */
		6037A45C1E766D9B0052804F /* Debug */ = {
			isa = XCBuildConfiguration;
			buildSettings = {
				ALWAYS_SEARCH_USER_PATHS = NO;
				CLANG_ANALYZER_NONNULL = YES;
				CLANG_CXX_LANGUAGE_STANDARD = "gnu++0x";
				CLANG_CXX_LIBRARY = "libc++";
				CLANG_ENABLE_MODULES = YES;
				CLANG_ENABLE_OBJC_ARC = YES;
				CLANG_WARN_BOOL_CONVERSION = YES;
				CLANG_WARN_CONSTANT_CONVERSION = YES;
				CLANG_WARN_DIRECT_OBJC_ISA_USAGE = YES_ERROR;
				CLANG_WARN_EMPTY_BODY = YES;
				CLANG_WARN_ENUM_CONVERSION = YES;
				CLANG_WARN_INT_CONVERSION = YES;
				CLANG_WARN_OBJC_ROOT_CLASS = YES_ERROR;
				CLANG_WARN_UNREACHABLE_CODE = YES;
				CLANG_WARN__DUPLICATE_METHOD_MATCH = YES;
				"CODE_SIGN_IDENTITY[sdk=iphoneos*]" = "iPhone Developer";
				COPY_PHASE_STRIP = NO;
				DEBUG_INFORMATION_FORMAT = dwarf;
				ENABLE_STRICT_OBJC_MSGSEND = YES;
				ENABLE_TESTABILITY = YES;
				GCC_C_LANGUAGE_STANDARD = gnu99;
				GCC_DYNAMIC_NO_PIC = NO;
				GCC_NO_COMMON_BLOCKS = YES;
				GCC_OPTIMIZATION_LEVEL = 0;
				GCC_PREPROCESSOR_DEFINITIONS = (
					"DEBUG=1",
					"$(inherited)",
				);
				GCC_WARN_64_TO_32_BIT_CONVERSION = YES;
				GCC_WARN_ABOUT_RETURN_TYPE = YES_ERROR;
				GCC_WARN_UNDECLARED_SELECTOR = YES;
				GCC_WARN_UNINITIALIZED_AUTOS = YES_AGGRESSIVE;
				GCC_WARN_UNUSED_FUNCTION = YES;
				GCC_WARN_UNUSED_VARIABLE = YES;
				IPHONEOS_DEPLOYMENT_TARGET = 9.3;
				MTL_ENABLE_DEBUG_INFO = YES;
				ONLY_ACTIVE_ARCH = YES;
				SDKROOT = iphoneos;
				TARGETED_DEVICE_FAMILY = "1,2";
			};
			name = Debug;
		};
		6037A45D1E766D9B0052804F /* Release */ = {
			isa = XCBuildConfiguration;
			buildSettings = {
				ALWAYS_SEARCH_USER_PATHS = NO;
				CLANG_ANALYZER_NONNULL = YES;
				CLANG_CXX_LANGUAGE_STANDARD = "gnu++0x";
				CLANG_CXX_LIBRARY = "libc++";
				CLANG_ENABLE_MODULES = YES;
				CLANG_ENABLE_OBJC_ARC = YES;
				CLANG_WARN_BOOL_CONVERSION = YES;
				CLANG_WARN_CONSTANT_CONVERSION = YES;
				CLANG_WARN_DIRECT_OBJC_ISA_USAGE = YES_ERROR;
				CLANG_WARN_EMPTY_BODY = YES;
				CLANG_WARN_ENUM_CONVERSION = YES;
				CLANG_WARN_INT_CONVERSION = YES;
				CLANG_WARN_OBJC_ROOT_CLASS = YES_ERROR;
				CLANG_WARN_UNREACHABLE_CODE = YES;
				CLANG_WARN__DUPLICATE_METHOD_MATCH = YES;
				"CODE_SIGN_IDENTITY[sdk=iphoneos*]" = "iPhone Developer";
				COPY_PHASE_STRIP = NO;
				DEBUG_INFORMATION_FORMAT = "dwarf-with-dsym";
				ENABLE_NS_ASSERTIONS = NO;
				ENABLE_STRICT_OBJC_MSGSEND = YES;
				GCC_C_LANGUAGE_STANDARD = gnu99;
				GCC_NO_COMMON_BLOCKS = YES;
				GCC_WARN_64_TO_32_BIT_CONVERSION = YES;
				GCC_WARN_ABOUT_RETURN_TYPE = YES_ERROR;
				GCC_WARN_UNDECLARED_SELECTOR = YES;
				GCC_WARN_UNINITIALIZED_AUTOS = YES_AGGRESSIVE;
				GCC_WARN_UNUSED_FUNCTION = YES;
				GCC_WARN_UNUSED_VARIABLE = YES;
				IPHONEOS_DEPLOYMENT_TARGET = 9.3;
				MTL_ENABLE_DEBUG_INFO = NO;
				SDKROOT = iphoneos;
				TARGETED_DEVICE_FAMILY = "1,2";
				VALIDATE_PRODUCT = YES;
			};
			name = Release;
		};
		6037A45F1E766D9B0052804F /* Debug */ = {
			isa = XCBuildConfiguration;
			baseConfigurationReference = F248D0C45552DB9CC90D6E47 /* Pods-CH_IPP_SH_SDK.debug.xcconfig */;
			buildSettings = {
				ASSETCATALOG_COMPILER_APPICON_NAME = AppIcon;
				GCC_PRECOMPILE_PREFIX_HEADER = YES;
				GCC_PREFIX_HEADER = "$(PROJECT_DIR)/CH_IPP_SH_SDK/CHIPP_SH_SDK.pch";
				INFOPLIST_FILE = CH_IPP_SH_SDK/Info.plist;
				IPHONEOS_DEPLOYMENT_TARGET = 8.0;
				LD_RUNPATH_SEARCH_PATHS = "$(inherited) @executable_path/Frameworks";
				PRODUCT_BUNDLE_IDENTIFIER = "com.W.CH-IPP-SH-SDK";
				PRODUCT_NAME = "$(TARGET_NAME)";
			};
			name = Debug;
		};
		6037A4601E766D9B0052804F /* Release */ = {
			isa = XCBuildConfiguration;
			baseConfigurationReference = 3BC005B639832135973F9EE6 /* Pods-CH_IPP_SH_SDK.release.xcconfig */;
			buildSettings = {
				ASSETCATALOG_COMPILER_APPICON_NAME = AppIcon;
				GCC_PRECOMPILE_PREFIX_HEADER = YES;
				GCC_PREFIX_HEADER = "$(PROJECT_DIR)/CH_IPP_SH_SDK/CHIPP_SH_SDK.pch";
				INFOPLIST_FILE = CH_IPP_SH_SDK/Info.plist;
				IPHONEOS_DEPLOYMENT_TARGET = 8.0;
				LD_RUNPATH_SEARCH_PATHS = "$(inherited) @executable_path/Frameworks";
				PRODUCT_BUNDLE_IDENTIFIER = "com.W.CH-IPP-SH-SDK";
				PRODUCT_NAME = "$(TARGET_NAME)";
			};
			name = Release;
		};
/* End XCBuildConfiguration section */

/* Begin XCConfigurationList section */
		6037A4421E766D9B0052804F /* Build configuration list for PBXProject "CH_IPP_SH_SDK" */ = {
			isa = XCConfigurationList;
			buildConfigurations = (
				6037A45C1E766D9B0052804F /* Debug */,
				6037A45D1E766D9B0052804F /* Release */,
			);
			defaultConfigurationIsVisible = 0;
			defaultConfigurationName = Release;
		};
		6037A45E1E766D9B0052804F /* Build configuration list for PBXNativeTarget "CH_IPP_SH_SDK" */ = {
			isa = XCConfigurationList;
			buildConfigurations = (
				6037A45F1E766D9B0052804F /* Debug */,
				6037A4601E766D9B0052804F /* Release */,
			);
			defaultConfigurationIsVisible = 0;
			defaultConfigurationName = Release;
		};
/* End XCConfigurationList section */
	};
	rootObject = 6037A43F1E766D9B0052804F /* Project object */;
}
